
Microsoft Visual Studio Solution File, Format Version 12.00
# Visual Studio Version 17
VisualStudioVersion = 17.14.36414.22 d17.14
MinimumVisualStudioVersion = 10.0.40219.1
Project("{FAE04EC0-301F-11D3-BF4B-00C04F79EFBC}") = "코드 6-01", "코드 6-01\코드 6-01.csproj", "{7A6C7A6F-61D1-491E-A1E2-B624CEA421A1}"
EndProject
Project("{FAE04EC0-301F-11D3-BF4B-00C04F79EFBC}") = "코드 6-02", "코드 6-02\코드 6-02.csproj", "{7F6F7898-056A-4936-A406-58881FBCC4A2}"
EndProject
Project("{FAE04EC0-301F-11D3-BF4B-00C04F79EFBC}") = "코드 6-03", "코드 6-03\코드 6-03.csproj", "{116A9E73-11E0-4036-8706-031C17EA3C43}"
EndProject
Project("{FAE04EC0-301F-11D3-BF4B-00C04F79EFBC}") = "기본예제 6-02", "기본예제 6-02\기본예제 6-02.csproj", "{7FB3440B-577B-4C99-8CD6-C460DA5A75A3}"
EndProject
Global
	GlobalSection(SolutionConfigurationPlatforms) = preSolution
		Debug|Any CPU = Debug|Any CPU
		Release|Any CPU = Release|Any CPU
	EndGlobalSection
	GlobalSection(ProjectConfigurationPlatforms) = postSolution
		{7A6C7A6F-61D1-491E-A1E2-B624CEA421A1}.Debug|Any CPU.ActiveCfg = Debug|Any CPU
		{7A6C7A6F-61D1-491E-A1E2-B624CEA421A1}.Debug|Any CPU.Build.0 = Debug|Any CPU
		{7A6C7A6F-61D1-491E-A1E2-B624CEA421A1}.Release|Any CPU.ActiveCfg = Release|Any CPU
		{7A6C7A6F-61D1-491E-A1E2-B624CEA421A1}.Release|Any CPU.Build.0 = Release|Any CPU
		{7F6F7898-056A-4936-A406-58881FBCC4A2}.Debug|Any CPU.ActiveCfg = Debug|Any CPU
		{7F6F7898-056A-4936-A406-58881FBCC4A2}.Debug|Any CPU.Build.0 = Debug|Any CPU
		{7F6F7898-056A-4936-A406-58881FBCC4A2}.Release|Any CPU.ActiveCfg = Release|Any CPU
		{7F6F7898-056A-4936-A406-58881FBCC4A2}.Release|Any CPU.Build.0 = Release|Any CPU
		{116A9E73-11E0-4036-8706-031C17EA3C43}.Debug|Any CPU.ActiveCfg = Debug|Any CPU
		{116A9E73-11E0-4036-8706-031C17EA3C43}.Debug|Any CPU.Build.0 = Debug|Any CPU
		{116A9E73-11E0-4036-8706-031C17EA3C43}.Release|Any CPU.ActiveCfg = Release|Any CPU
		{116A9E73-11E0-4036-8706-031C17EA3C43}.Release|Any CPU.Build.0 = Release|Any CPU
		{7FB3440B-577B-4C99-8CD6-C460DA5A75A3}.Debug|Any CPU.ActiveCfg = Debug|Any CPU
		{7FB3440B-577B-4C99-8CD6-C460DA5A75A3}.Debug|Any CPU.Build.0 = Debug|Any CPU
		{7FB3440B-577B-4C99-8CD6-C460DA5A75A3}.Release|Any CPU.ActiveCfg = Release|Any CPU
		{7FB3440B-577B-4C99-8CD6-C460DA5A75A3}.Release|Any CPU.Build.0 = Release|Any CPU
	EndGlobalSection
	GlobalSection(SolutionProperties) = preSolution
		HideSolutionNode = FALSE
	EndGlobalSection
	GlobalSection(ExtensibilityGlobals) = postSolution
		SolutionGuid = {F103C819-076E-4207-8CDF-EF0820E669F3}
	EndGlobalSection
EndGlobal
