
Microsoft Visual Studio Solution File, Format Version 12.00
# Visual Studio Version 17
VisualStudioVersion = 17.14.36414.22
MinimumVisualStudioVersion = 10.0.40219.1
Project("{FAE04EC0-301F-11D3-BF4B-00C04F79EFBC}") = "코드 2-01", "코드 2-01\코드 2-01.csproj", "{6E4A86B7-EA07-46B8-AD41-CFE7C26ED32E}"
EndProject
Project("{FAE04EC0-301F-11D3-BF4B-00C04F79EFBC}") = "코드 2-02", "코드 2-02\코드 2-02.csproj", "{944FC4F2-0E4E-40AF-BE1F-6761900300AF}"
EndProject
Project("{FAE04EC0-301F-11D3-BF4B-00C04F79EFBC}") = "코드 2-03", "코드 2-03\코드 2-03.csproj", "{D38A2281-7536-4D46-AABD-92E864D065CD}"
EndProject
Project("{FAE04EC0-301F-11D3-BF4B-00C04F79EFBC}") = "코드 2-04", "코드 2-04\코드 2-04.csproj", "{EF53EAE7-062A-4546-8576-6F17EDF59079}"
EndProject
Project("{FAE04EC0-301F-11D3-BF4B-00C04F79EFBC}") = "코드 2-05", "코드 2-05\코드 2-05.csproj", "{A43A6A92-34F6-40CF-9C08-B164563F5B2B}"
EndProject
Project("{FAE04EC0-301F-11D3-BF4B-00C04F79EFBC}") = "코드 2-06", "코드 2-06\코드 2-06.csproj", "{B5F86975-76A1-430F-94B4-10975F204542}"
EndProject
Project("{FAE04EC0-301F-11D3-BF4B-00C04F79EFBC}") = "코드 2-07", "코드 2-07\코드 2-07.csproj", "{8F81EA24-4270-488A-B9E9-2B7D2C0ADDFF}"
EndProject
Project("{FAE04EC0-301F-11D3-BF4B-00C04F79EFBC}") = "코드 2-08", "코드 2-08\코드 2-08.csproj", "{CF75659C-968E-43A7-BE24-A2134DDD65A7}"
EndProject
Project("{FAE04EC0-301F-11D3-BF4B-00C04F79EFBC}") = "코드 2-09", "코드 2-09\코드 2-09.csproj", "{C45C3FEF-1191-4D77-88A0-302208E501CF}"
EndProject
Project("{FAE04EC0-301F-11D3-BF4B-00C04F79EFBC}") = "코드 2-10", "코드 2-10\코드 2-10.csproj", "{6FC8D554-970F-4111-98F4-BBC42B8E0E79}"
EndProject
Project("{FAE04EC0-301F-11D3-BF4B-00C04F79EFBC}") = "코드 2-12", "코드 2-12\코드 2-12.csproj", "{72E22C94-B297-413A-87BA-3E7F8AFD3609}"
EndProject
Project("{FAE04EC0-301F-11D3-BF4B-00C04F79EFBC}") = "코드 2-13", "코드 2-13\코드 2-13.csproj", "{762DC380-BBA1-4E77-8DBB-732BBABC3DEF}"
EndProject
Project("{FAE04EC0-301F-11D3-BF4B-00C04F79EFBC}") = "코드 2-14", "코드 2-14\코드 2-14.csproj", "{02A2C093-5208-409C-8B12-63FC0072A92E}"
EndProject
Project("{FAE04EC0-301F-11D3-BF4B-00C04F79EFBC}") = "코드 2-15", "코드 2-15\코드 2-15.csproj", "{550D003C-8164-47F9-881E-C221850A1CB6}"
EndProject
Project("{FAE04EC0-301F-11D3-BF4B-00C04F79EFBC}") = "코드 2-16", "코드 2-16\코드 2-16.csproj", "{15F6CE9C-3A25-44B7-B6A6-F4C79F87CD21}"
EndProject
Project("{FAE04EC0-301F-11D3-BF4B-00C04F79EFBC}") = "코드 2-17", "코드 2-17\코드 2-17.csproj", "{5DB9A805-41CD-4153-997C-4A0780A4390E}"
EndProject
Project("{FAE04EC0-301F-11D3-BF4B-00C04F79EFBC}") = "코드 2-18", "코드 2-18\코드 2-18.csproj", "{EB01C642-293D-4A37-92FB-AA457A37DD94}"
EndProject
Global
	GlobalSection(SolutionConfigurationPlatforms) = preSolution
		Debug|Any CPU = Debug|Any CPU
		Release|Any CPU = Release|Any CPU
	EndGlobalSection
	GlobalSection(ProjectConfigurationPlatforms) = postSolution
		{6E4A86B7-EA07-46B8-AD41-CFE7C26ED32E}.Debug|Any CPU.ActiveCfg = Debug|Any CPU
		{6E4A86B7-EA07-46B8-AD41-CFE7C26ED32E}.Debug|Any CPU.Build.0 = Debug|Any CPU
		{6E4A86B7-EA07-46B8-AD41-CFE7C26ED32E}.Release|Any CPU.ActiveCfg = Release|Any CPU
		{6E4A86B7-EA07-46B8-AD41-CFE7C26ED32E}.Release|Any CPU.Build.0 = Release|Any CPU
		{944FC4F2-0E4E-40AF-BE1F-6761900300AF}.Debug|Any CPU.ActiveCfg = Debug|Any CPU
		{944FC4F2-0E4E-40AF-BE1F-6761900300AF}.Debug|Any CPU.Build.0 = Debug|Any CPU
		{944FC4F2-0E4E-40AF-BE1F-6761900300AF}.Release|Any CPU.ActiveCfg = Release|Any CPU
		{944FC4F2-0E4E-40AF-BE1F-6761900300AF}.Release|Any CPU.Build.0 = Release|Any CPU
		{D38A2281-7536-4D46-AABD-92E864D065CD}.Debug|Any CPU.ActiveCfg = Debug|Any CPU
		{D38A2281-7536-4D46-AABD-92E864D065CD}.Debug|Any CPU.Build.0 = Debug|Any CPU
		{D38A2281-7536-4D46-AABD-92E864D065CD}.Release|Any CPU.ActiveCfg = Release|Any CPU
		{D38A2281-7536-4D46-AABD-92E864D065CD}.Release|Any CPU.Build.0 = Release|Any CPU
		{EF53EAE7-062A-4546-8576-6F17EDF59079}.Debug|Any CPU.ActiveCfg = Debug|Any CPU
		{EF53EAE7-062A-4546-8576-6F17EDF59079}.Debug|Any CPU.Build.0 = Debug|Any CPU
		{EF53EAE7-062A-4546-8576-6F17EDF59079}.Release|Any CPU.ActiveCfg = Release|Any CPU
		{EF53EAE7-062A-4546-8576-6F17EDF59079}.Release|Any CPU.Build.0 = Release|Any CPU
		{A43A6A92-34F6-40CF-9C08-B164563F5B2B}.Debug|Any CPU.ActiveCfg = Debug|Any CPU
		{A43A6A92-34F6-40CF-9C08-B164563F5B2B}.Debug|Any CPU.Build.0 = Debug|Any CPU
		{A43A6A92-34F6-40CF-9C08-B164563F5B2B}.Release|Any CPU.ActiveCfg = Release|Any CPU
		{A43A6A92-34F6-40CF-9C08-B164563F5B2B}.Release|Any CPU.Build.0 = Release|Any CPU
		{B5F86975-76A1-430F-94B4-10975F204542}.Debug|Any CPU.ActiveCfg = Debug|Any CPU
		{B5F86975-76A1-430F-94B4-10975F204542}.Debug|Any CPU.Build.0 = Debug|Any CPU
		{B5F86975-76A1-430F-94B4-10975F204542}.Release|Any CPU.ActiveCfg = Release|Any CPU
		{B5F86975-76A1-430F-94B4-10975F204542}.Release|Any CPU.Build.0 = Release|Any CPU
		{8F81EA24-4270-488A-B9E9-2B7D2C0ADDFF}.Debug|Any CPU.ActiveCfg = Debug|Any CPU
		{8F81EA24-4270-488A-B9E9-2B7D2C0ADDFF}.Debug|Any CPU.Build.0 = Debug|Any CPU
		{8F81EA24-4270-488A-B9E9-2B7D2C0ADDFF}.Release|Any CPU.ActiveCfg = Release|Any CPU
		{8F81EA24-4270-488A-B9E9-2B7D2C0ADDFF}.Release|Any CPU.Build.0 = Release|Any CPU
		{CF75659C-968E-43A7-BE24-A2134DDD65A7}.Debug|Any CPU.ActiveCfg = Debug|Any CPU
		{CF75659C-968E-43A7-BE24-A2134DDD65A7}.Debug|Any CPU.Build.0 = Debug|Any CPU
		{CF75659C-968E-43A7-BE24-A2134DDD65A7}.Release|Any CPU.ActiveCfg = Release|Any CPU
		{CF75659C-968E-43A7-BE24-A2134DDD65A7}.Release|Any CPU.Build.0 = Release|Any CPU
		{C45C3FEF-1191-4D77-88A0-302208E501CF}.Debug|Any CPU.ActiveCfg = Debug|Any CPU
		{C45C3FEF-1191-4D77-88A0-302208E501CF}.Debug|Any CPU.Build.0 = Debug|Any CPU
		{C45C3FEF-1191-4D77-88A0-302208E501CF}.Release|Any CPU.ActiveCfg = Release|Any CPU
		{C45C3FEF-1191-4D77-88A0-302208E501CF}.Release|Any CPU.Build.0 = Release|Any CPU
		{6FC8D554-970F-4111-98F4-BBC42B8E0E79}.Debug|Any CPU.ActiveCfg = Debug|Any CPU
		{6FC8D554-970F-4111-98F4-BBC42B8E0E79}.Debug|Any CPU.Build.0 = Debug|Any CPU
		{6FC8D554-970F-4111-98F4-BBC42B8E0E79}.Release|Any CPU.ActiveCfg = Release|Any CPU
		{6FC8D554-970F-4111-98F4-BBC42B8E0E79}.Release|Any CPU.Build.0 = Release|Any CPU
		{72E22C94-B297-413A-87BA-3E7F8AFD3609}.Debug|Any CPU.ActiveCfg = Debug|Any CPU
		{72E22C94-B297-413A-87BA-3E7F8AFD3609}.Debug|Any CPU.Build.0 = Debug|Any CPU
		{72E22C94-B297-413A-87BA-3E7F8AFD3609}.Release|Any CPU.ActiveCfg = Release|Any CPU
		{72E22C94-B297-413A-87BA-3E7F8AFD3609}.Release|Any CPU.Build.0 = Release|Any CPU
		{762DC380-BBA1-4E77-8DBB-732BBABC3DEF}.Debug|Any CPU.ActiveCfg = Debug|Any CPU
		{762DC380-BBA1-4E77-8DBB-732BBABC3DEF}.Debug|Any CPU.Build.0 = Debug|Any CPU
		{762DC380-BBA1-4E77-8DBB-732BBABC3DEF}.Release|Any CPU.ActiveCfg = Release|Any CPU
		{762DC380-BBA1-4E77-8DBB-732BBABC3DEF}.Release|Any CPU.Build.0 = Release|Any CPU
		{02A2C093-5208-409C-8B12-63FC0072A92E}.Debug|Any CPU.ActiveCfg = Debug|Any CPU
		{02A2C093-5208-409C-8B12-63FC0072A92E}.Debug|Any CPU.Build.0 = Debug|Any CPU
		{02A2C093-5208-409C-8B12-63FC0072A92E}.Release|Any CPU.ActiveCfg = Release|Any CPU
		{02A2C093-5208-409C-8B12-63FC0072A92E}.Release|Any CPU.Build.0 = Release|Any CPU
		{550D003C-8164-47F9-881E-C221850A1CB6}.Debug|Any CPU.ActiveCfg = Debug|Any CPU
		{550D003C-8164-47F9-881E-C221850A1CB6}.Debug|Any CPU.Build.0 = Debug|Any CPU
		{550D003C-8164-47F9-881E-C221850A1CB6}.Release|Any CPU.ActiveCfg = Release|Any CPU
		{550D003C-8164-47F9-881E-C221850A1CB6}.Release|Any CPU.Build.0 = Release|Any CPU
		{15F6CE9C-3A25-44B7-B6A6-F4C79F87CD21}.Debug|Any CPU.ActiveCfg = Debug|Any CPU
		{15F6CE9C-3A25-44B7-B6A6-F4C79F87CD21}.Debug|Any CPU.Build.0 = Debug|Any CPU
		{15F6CE9C-3A25-44B7-B6A6-F4C79F87CD21}.Release|Any CPU.ActiveCfg = Release|Any CPU
		{15F6CE9C-3A25-44B7-B6A6-F4C79F87CD21}.Release|Any CPU.Build.0 = Release|Any CPU
		{5DB9A805-41CD-4153-997C-4A0780A4390E}.Debug|Any CPU.ActiveCfg = Debug|Any CPU
		{5DB9A805-41CD-4153-997C-4A0780A4390E}.Debug|Any CPU.Build.0 = Debug|Any CPU
		{5DB9A805-41CD-4153-997C-4A0780A4390E}.Release|Any CPU.ActiveCfg = Release|Any CPU
		{5DB9A805-41CD-4153-997C-4A0780A4390E}.Release|Any CPU.Build.0 = Release|Any CPU
		{EB01C642-293D-4A37-92FB-AA457A37DD94}.Debug|Any CPU.ActiveCfg = Debug|Any CPU
		{EB01C642-293D-4A37-92FB-AA457A37DD94}.Debug|Any CPU.Build.0 = Debug|Any CPU
		{EB01C642-293D-4A37-92FB-AA457A37DD94}.Release|Any CPU.ActiveCfg = Release|Any CPU
		{EB01C642-293D-4A37-92FB-AA457A37DD94}.Release|Any CPU.Build.0 = Release|Any CPU
	EndGlobalSection
	GlobalSection(SolutionProperties) = preSolution
		HideSolutionNode = FALSE
	EndGlobalSection
	GlobalSection(ExtensibilityGlobals) = postSolution
		SolutionGuid = {3E1AAC91-C2B9-4AA1-A1EE-2839E75596D9}
	EndGlobalSection
EndGlobal
